
Microsoft Visual Studio Solution File, Format Version 12.00
# Visual Studio Version 17
VisualStudioVersion = 17.4.33213.308
MinimumVisualStudioVersion = 10.0.40219.1
Project("{FAE04EC0-301F-11D3-BF4B-00C04F79EFBC}") = "SingletonExample", "SingletonExample\SingletonExample.csproj", "{C0BC4B9E-9A09-4F23-9FE1-826A56AE8B39}"
EndProject
Project("{FAE04EC0-301F-11D3-BF4B-00C04F79EFBC}") = "Sinlgeton_Implementation", "Sinlgeton_Implementation\Sinlgeton_Implementation.csproj", "{3EA443CC-DBCA-47C8-922E-89C3E40F8C67}"
EndProject
Global
	GlobalSection(SolutionConfigurationPlatforms) = preSolution
		Debug|Any CPU = Debug|Any CPU
		Release|Any CPU = Release|Any CPU
	EndGlobalSection
	GlobalSection(ProjectConfigurationPlatforms) = postSolution
		{C0BC4B9E-9A09-4F23-9FE1-826A56AE8B39}.Debug|Any CPU.ActiveCfg = Debug|Any CPU
		{C0BC4B9E-9A09-4F23-9FE1-826A56AE8B39}.Debug|Any CPU.Build.0 = Debug|Any CPU
		{C0BC4B9E-9A09-4F23-9FE1-826A56AE8B39}.Release|Any CPU.ActiveCfg = Release|Any CPU
		{C0BC4B9E-9A09-4F23-9FE1-826A56AE8B39}.Release|Any CPU.Build.0 = Release|Any CPU
		{3EA443CC-DBCA-47C8-922E-89C3E40F8C67}.Debug|Any CPU.ActiveCfg = Debug|Any CPU
		{3EA443CC-DBCA-47C8-922E-89C3E40F8C67}.Debug|Any CPU.Build.0 = Debug|Any CPU
		{3EA443CC-DBCA-47C8-922E-89C3E40F8C67}.Release|Any CPU.ActiveCfg = Release|Any CPU
		{3EA443CC-DBCA-47C8-922E-89C3E40F8C67}.Release|Any CPU.Build.0 = Release|Any CPU
	EndGlobalSection
	GlobalSection(SolutionProperties) = preSolution
		HideSolutionNode = FALSE
	EndGlobalSection
	GlobalSection(ExtensibilityGlobals) = postSolution
		SolutionGuid = {0C9C4DB7-41F0-42EB-9DD9-1B890D84521C}
	EndGlobalSection
EndGlobal
